
Microsoft Visual Studio Solution File, Format Version 12.00
# Visual Studio Version 16
VisualStudioVersion = 16.0.30907.101
MinimumVisualStudioVersion = 10.0.40219.1
Project("{FAE04EC0-301F-11D3-BF4B-00C04F79EFBC}") = "rpDZ", "rpDZ\rpDZ.csproj", "{C4FA9570-8E0F-4C5F-976E-10CF9290FE93}"
EndProject
Global
	GlobalSection(SolutionConfigurationPlatforms) = preSolution
		Debug|Any CPU = Debug|Any CPU
		Release|Any CPU = Release|Any CPU
	EndGlobalSection
	GlobalSection(ProjectConfigurationPlatforms) = postSolution
		{C4FA9570-8E0F-4C5F-976E-10CF9290FE93}.Debug|Any CPU.ActiveCfg = Debug|Any CPU
		{C4FA9570-8E0F-4C5F-976E-10CF9290FE93}.Debug|Any CPU.Build.0 = Debug|Any CPU
		{C4FA9570-8E0F-4C5F-976E-10CF9290FE93}.Release|Any CPU.ActiveCfg = Release|Any CPU
		{C4FA9570-8E0F-4C5F-976E-10CF9290FE93}.Release|Any CPU.Build.0 = Release|Any CPU
	EndGlobalSection
	GlobalSection(SolutionProperties) = preSolution
		HideSolutionNode = FALSE
	EndGlobalSection
	GlobalSection(ExtensibilityGlobals) = postSolution
		SolutionGuid = {9C71EE6F-9E3E-4F01-B0F0-1A879A31A903}
	EndGlobalSection
EndGlobal
